
Microsoft Visual Studio Solution File, Format Version 12.00
# Visual Studio Version 17
VisualStudioVersion = 17.5.33502.453
MinimumVisualStudioVersion = 10.0.40219.1
Project("{FAE04EC0-301F-11D3-BF4B-00C04F79EFBC}") = "ExceptionHandling", "ExceptionHandling.csproj", "{20B151F4-9E7F-4190-84AA-14C05151A163}"
EndProject
Global
	GlobalSection(SolutionConfigurationPlatforms) = preSolution
		Debug|Any CPU = Debug|Any CPU
		Release|Any CPU = Release|Any CPU
	EndGlobalSection
	GlobalSection(ProjectConfigurationPlatforms) = postSolution
		{20B151F4-9E7F-4190-84AA-14C05151A163}.Debug|Any CPU.ActiveCfg = Debug|Any CPU
		{20B151F4-9E7F-4190-84AA-14C05151A163}.Debug|Any CPU.Build.0 = Debug|Any CPU
		{20B151F4-9E7F-4190-84AA-14C05151A163}.Release|Any CPU.ActiveCfg = Release|Any CPU
		{20B151F4-9E7F-4190-84AA-14C05151A163}.Release|Any CPU.Build.0 = Release|Any CPU
	EndGlobalSection
	GlobalSection(SolutionProperties) = preSolution
		HideSolutionNode = FALSE
	EndGlobalSection
	GlobalSection(ExtensibilityGlobals) = postSolution
		SolutionGuid = {348AF4ED-E668-4571-8602-1212DB90BFE5}
	EndGlobalSection
EndGlobal
