
Microsoft Visual Studio Solution File, Format Version 12.00
# Visual Studio Version 17
VisualStudioVersion = 17.5.33516.290
MinimumVisualStudioVersion = 10.0.40219.1
Project("{FAE04EC0-301F-11D3-BF4B-00C04F79EFBC}") = "FileHandling", "FileHandling.csproj", "{5CD3DCC9-C841-4038-9B3E-B59B273D8389}"
EndProject
Global
	GlobalSection(SolutionConfigurationPlatforms) = preSolution
		Debug|Any CPU = Debug|Any CPU
		Release|Any CPU = Release|Any CPU
	EndGlobalSection
	GlobalSection(ProjectConfigurationPlatforms) = postSolution
		{5CD3DCC9-C841-4038-9B3E-B59B273D8389}.Debug|Any CPU.ActiveCfg = Debug|Any CPU
		{5CD3DCC9-C841-4038-9B3E-B59B273D8389}.Debug|Any CPU.Build.0 = Debug|Any CPU
		{5CD3DCC9-C841-4038-9B3E-B59B273D8389}.Release|Any CPU.ActiveCfg = Release|Any CPU
		{5CD3DCC9-C841-4038-9B3E-B59B273D8389}.Release|Any CPU.Build.0 = Release|Any CPU
	EndGlobalSection
	GlobalSection(SolutionProperties) = preSolution
		HideSolutionNode = FALSE
	EndGlobalSection
	GlobalSection(ExtensibilityGlobals) = postSolution
		SolutionGuid = {BB6148D6-E0C6-4075-928D-FB2328431D63}
	EndGlobalSection
EndGlobal
