
Microsoft Visual Studio Solution File, Format Version 12.00
# Visual Studio Version 17
VisualStudioVersion = 17.5.33502.453
MinimumVisualStudioVersion = 10.0.40219.1
Project("{FAE04EC0-301F-11D3-BF4B-00C04F79EFBC}") = "ConsoleApp1", "ConsoleApp1.csproj", "{BCAD9A82-0F2A-4C94-B4D1-62EF419F82AA}"
EndProject
Global
	GlobalSection(SolutionConfigurationPlatforms) = preSolution
		Debug|Any CPU = Debug|Any CPU
		Release|Any CPU = Release|Any CPU
	EndGlobalSection
	GlobalSection(ProjectConfigurationPlatforms) = postSolution
		{BCAD9A82-0F2A-4C94-B4D1-62EF419F82AA}.Debug|Any CPU.ActiveCfg = Debug|Any CPU
		{BCAD9A82-0F2A-4C94-B4D1-62EF419F82AA}.Debug|Any CPU.Build.0 = Debug|Any CPU
		{BCAD9A82-0F2A-4C94-B4D1-62EF419F82AA}.Release|Any CPU.ActiveCfg = Release|Any CPU
		{BCAD9A82-0F2A-4C94-B4D1-62EF419F82AA}.Release|Any CPU.Build.0 = Release|Any CPU
	EndGlobalSection
	GlobalSection(SolutionProperties) = preSolution
		HideSolutionNode = FALSE
	EndGlobalSection
	GlobalSection(ExtensibilityGlobals) = postSolution
		SolutionGuid = {4AD30B1D-0180-49B8-99A0-1FEC2E4C37C1}
	EndGlobalSection
EndGlobal
