
Microsoft Visual Studio Solution File, Format Version 12.00
# Visual Studio Version 17
VisualStudioVersion = 17.5.33516.290
MinimumVisualStudioVersion = 10.0.40219.1
Project("{FAE04EC0-301F-11D3-BF4B-00C04F79EFBC}") = "OOPS", "OOPS.csproj", "{1BF39B15-459A-4319-8C66-8E6595F0CF67}"
EndProject
Project("{FAE04EC0-301F-11D3-BF4B-00C04F79EFBC}") = "OOPS1", "..\OOPS1\OOPS1.csproj", "{6A0FBE66-3C4F-4A1A-B049-EFD7655A3D5B}"
EndProject
Global
	GlobalSection(SolutionConfigurationPlatforms) = preSolution
		Debug|Any CPU = Debug|Any CPU
		Release|Any CPU = Release|Any CPU
	EndGlobalSection
	GlobalSection(ProjectConfigurationPlatforms) = postSolution
		{1BF39B15-459A-4319-8C66-8E6595F0CF67}.Debug|Any CPU.ActiveCfg = Debug|Any CPU
		{1BF39B15-459A-4319-8C66-8E6595F0CF67}.Debug|Any CPU.Build.0 = Debug|Any CPU
		{1BF39B15-459A-4319-8C66-8E6595F0CF67}.Release|Any CPU.ActiveCfg = Release|Any CPU
		{1BF39B15-459A-4319-8C66-8E6595F0CF67}.Release|Any CPU.Build.0 = Release|Any CPU
		{6A0FBE66-3C4F-4A1A-B049-EFD7655A3D5B}.Debug|Any CPU.ActiveCfg = Debug|Any CPU
		{6A0FBE66-3C4F-4A1A-B049-EFD7655A3D5B}.Debug|Any CPU.Build.0 = Debug|Any CPU
		{6A0FBE66-3C4F-4A1A-B049-EFD7655A3D5B}.Release|Any CPU.ActiveCfg = Release|Any CPU
		{6A0FBE66-3C4F-4A1A-B049-EFD7655A3D5B}.Release|Any CPU.Build.0 = Release|Any CPU
	EndGlobalSection
	GlobalSection(SolutionProperties) = preSolution
		HideSolutionNode = FALSE
	EndGlobalSection
	GlobalSection(ExtensibilityGlobals) = postSolution
		SolutionGuid = {FAD5B192-6A32-4743-A5E4-BF74CAB01C1A}
	EndGlobalSection
EndGlobal
