
Microsoft Visual Studio Solution File, Format Version 12.00
# Visual Studio Version 17
VisualStudioVersion = 17.5.33502.453
MinimumVisualStudioVersion = 10.0.40219.1
Project("{FAE04EC0-301F-11D3-BF4B-00C04F79EFBC}") = "Collections", "Collections.csproj", "{6A76357F-85C2-458A-8FAD-9859BB5DC4B3}"
EndProject
Global
	GlobalSection(SolutionConfigurationPlatforms) = preSolution
		Debug|Any CPU = Debug|Any CPU
		Release|Any CPU = Release|Any CPU
	EndGlobalSection
	GlobalSection(ProjectConfigurationPlatforms) = postSolution
		{6A76357F-85C2-458A-8FAD-9859BB5DC4B3}.Debug|Any CPU.ActiveCfg = Debug|Any CPU
		{6A76357F-85C2-458A-8FAD-9859BB5DC4B3}.Debug|Any CPU.Build.0 = Debug|Any CPU
		{6A76357F-85C2-458A-8FAD-9859BB5DC4B3}.Release|Any CPU.ActiveCfg = Release|Any CPU
		{6A76357F-85C2-458A-8FAD-9859BB5DC4B3}.Release|Any CPU.Build.0 = Release|Any CPU
	EndGlobalSection
	GlobalSection(SolutionProperties) = preSolution
		HideSolutionNode = FALSE
	EndGlobalSection
	GlobalSection(ExtensibilityGlobals) = postSolution
		SolutionGuid = {3B2CA989-ACCA-4468-BCBC-2B31DD3F141E}
	EndGlobalSection
EndGlobal
